
Microsoft Visual Studio Solution File, Format Version 12.00
# Visual Studio Version 17
VisualStudioVersion = 17.1.32421.90
MinimumVisualStudioVersion = 10.0.40219.1
Project("{FAE04EC0-301F-11D3-BF4B-00C04F79EFBC}") = "Chapter", "Chapter\Chapter.csproj", "{AD900632-991A-4C8F-9728-524B868BCBCA}"
EndProject
Global
	GlobalSection(SolutionConfigurationPlatforms) = preSolution
		Debug|Any CPU = Debug|Any CPU
		Release|Any CPU = Release|Any CPU
	EndGlobalSection
	GlobalSection(ProjectConfigurationPlatforms) = postSolution
		{AD900632-991A-4C8F-9728-524B868BCBCA}.Debug|Any CPU.ActiveCfg = Debug|Any CPU
		{AD900632-991A-4C8F-9728-524B868BCBCA}.Debug|Any CPU.Build.0 = Debug|Any CPU
		{AD900632-991A-4C8F-9728-524B868BCBCA}.Release|Any CPU.ActiveCfg = Release|Any CPU
		{AD900632-991A-4C8F-9728-524B868BCBCA}.Release|Any CPU.Build.0 = Release|Any CPU
	EndGlobalSection
	GlobalSection(SolutionProperties) = preSolution
		HideSolutionNode = FALSE
	EndGlobalSection
	GlobalSection(ExtensibilityGlobals) = postSolution
		SolutionGuid = {F7613A16-8A78-4D18-AFDB-186FDD27A814}
	EndGlobalSection
EndGlobal
